
Microsoft Visual Studio Solution File, Format Version 12.00
# Visual Studio Version 17
VisualStudioVersion = 17.14.36429.23
MinimumVisualStudioVersion = 10.0.40219.1
Project("{2150E333-8FDC-42A3-9474-1A3956D46DE8}") = "Task0", "Task0", "{02EA681E-C7D8-13C7-8484-4AC65E1B71E8}"
EndProject
Project("{FAE04EC0-301F-11D3-BF4B-00C04F79EFBC}") = "Tyuiu.PozdeevaEA.Sprint2.Task0.V5", "Tyuiu.PozdeevaEA.Sprint2.Task0.V5\Tyuiu.PozdeevaEA.Sprint2.Task0.V5.csproj", "{F4852D62-4165-4D0F-808C-0716CFD3108B}"
EndProject
Project("{FAE04EC0-301F-11D3-BF4B-00C04F79EFBC}") = "Tyuiu.PozdeevaEA.Sprint2.Task0.V5.Lib", "Tyuiu.PozdeevaEA.Sprint2.Task0.V5.Lib\Tyuiu.PozdeevaEA.Sprint2.Task0.V5.Lib.csproj", "{26796BE6-4B97-4213-8AA4-8C916D0EF902}"
EndProject
Project("{FAE04EC0-301F-11D3-BF4B-00C04F79EFBC}") = "Tyuiu.PozdeevaEA.Sprint2.Task0.V5.Test", "Tyuiu.PozdeevaEA.Sprint2.Task0.V5.Test\Tyuiu.PozdeevaEA.Sprint2.Task0.V5.Test.csproj", "{A40A1A59-2F31-4CD0-B101-4D45120FDA7E}"
EndProject
Project("{2150E333-8FDC-42A3-9474-1A3956D46DE8}") = "Task1", "Task1", "{07F22EA4-97F1-46C6-8890-F86B1C3E516A}"
EndProject
Project("{FAE04EC0-301F-11D3-BF4B-00C04F79EFBC}") = "Tyuiu.PozdeevaEA.Sprint2.Task1.V20", "Tyuiu.PozdeevaEA.Sprint2.Task1.V20\Tyuiu.PozdeevaEA.Sprint2.Task1.V20.csproj", "{78D8474E-12C8-4F76-A240-40DAFB8C8FFA}"
EndProject
Project("{FAE04EC0-301F-11D3-BF4B-00C04F79EFBC}") = "Tyuiu.PozdeevaEA.Sprint2.Task1.V20.Lib", "Tyuiu.PozdeevaEA.Sprint2.Task1.V20.Lib\Tyuiu.PozdeevaEA.Sprint2.Task1.V20.Lib.csproj", "{28B2EF26-4B01-4125-AF33-DCF832878687}"
EndProject
Project("{FAE04EC0-301F-11D3-BF4B-00C04F79EFBC}") = "Tyuiu.PozdeevaEA.Sprint2.Task1.V20.Test", "Tyuiu.PozdeevaEA.Sprint2.Task1.V20.Test\Tyuiu.PozdeevaEA.Sprint2.Task1.V20.Test.csproj", "{5932847A-483B-4D32-B34B-FBFEB0C27875}"
EndProject
Project("{2150E333-8FDC-42A3-9474-1A3956D46DE8}") = "Task2", "Task2", "{06FE9E4F-3B7F-4AFA-9CBE-39CEA34E864D}"
EndProject
Project("{FAE04EC0-301F-11D3-BF4B-00C04F79EFBC}") = "Tyuiu.PozdeevaEA.Sprint2.Task2.V14", "Tyuiu.PozdeevaEA.Sprint2.Task2.V14\Tyuiu.PozdeevaEA.Sprint2.Task2.V14.csproj", "{643CE75C-C516-4EE8-ACDD-E43445B12E8D}"
EndProject
Project("{FAE04EC0-301F-11D3-BF4B-00C04F79EFBC}") = "Tyuiu.PozdeevaEA.Sprint2.Task2.V14.Lib", "Tyuiu.PozdeevaEA.Sprint2.Task2.V14.Lib\Tyuiu.PozdeevaEA.Sprint2.Task2.V14.Lib.csproj", "{51ACCFCF-3822-4BC4-B4B1-3B66ECDB8956}"
EndProject
Project("{FAE04EC0-301F-11D3-BF4B-00C04F79EFBC}") = "Tyuiu.PozdeevaEA.Sprint2.Task2.V14.Test", "Tyuiu.PozdeevaEA.Sprint2.Task2.V14.Test\Tyuiu.PozdeevaEA.Sprint2.Task2.V14.Test.csproj", "{4CA74B1A-6539-4278-BEE3-212AFF639B31}"
EndProject
Project("{2150E333-8FDC-42A3-9474-1A3956D46DE8}") = "Task3", "Task3", "{DC0D5537-E745-45E3-9A1D-CB4956F23C92}"
EndProject
Project("{FAE04EC0-301F-11D3-BF4B-00C04F79EFBC}") = "Tyuiu.PozdeevaEA.Sprint2.Task3.V29", "Tyuiu.PozdeevaEA.Sprint2.Task3.V29\Tyuiu.PozdeevaEA.Sprint2.Task3.V29.csproj", "{64218026-4A64-414D-9830-F20629E82D83}"
EndProject
Project("{FAE04EC0-301F-11D3-BF4B-00C04F79EFBC}") = "Tyuiu.PozdeevaEA.Sprint2.Task3.V29.Lib", "Tyuiu.PozdeevaEA.Sprint2.Task3.V29.Lib\Tyuiu.PozdeevaEA.Sprint2.Task3.V29.Lib.csproj", "{8E44305C-1005-4C8D-8180-2E4DC04CB9CD}"
EndProject
Project("{FAE04EC0-301F-11D3-BF4B-00C04F79EFBC}") = "Tyuiu.PozdeevaEA.Sprint2.Task3.V29.Test", "Tyuiu.PozdeevaEA.Sprint2.Task3.V29.Test\Tyuiu.PozdeevaEA.Sprint2.Task3.V29.Test.csproj", "{B9B39A4B-F04E-48AD-9EBC-1594F5F8AD5E}"
EndProject
Project("{2150E333-8FDC-42A3-9474-1A3956D46DE8}") = "Task4", "Task4", "{1E96BD19-ED62-42AE-8C78-30B19AA0B583}"
EndProject
Project("{FAE04EC0-301F-11D3-BF4B-00C04F79EFBC}") = "Tyuiu.PozdeevaEA.Sprint2.Task4.V2", "Tyuiu.PozdeevaEA.Sprint2.Task4.V2\Tyuiu.PozdeevaEA.Sprint2.Task4.V2.csproj", "{A509C6F3-3F4B-4EE6-A63B-57B4CC642F70}"
EndProject
Project("{FAE04EC0-301F-11D3-BF4B-00C04F79EFBC}") = "Tyuiu.PozdeevaEA.Sprint2.Task4.V2.Lib", "Tyuiu.PozdeevaEA.Sprint2.Task4.V2.Lib\Tyuiu.PozdeevaEA.Sprint2.Task4.V2.Lib.csproj", "{75B39EBC-70C0-4DD9-BFED-08F0808DC7C4}"
EndProject
Project("{FAE04EC0-301F-11D3-BF4B-00C04F79EFBC}") = "Tyuiu.PozdeevaEA.Sprint2.Task4.V2.Test", "Tyuiu.PozdeevaEA.Sprint2.Task4.V2.Test\Tyuiu.PozdeevaEA.Sprint2.Task4.V2.Test.csproj", "{BDDD9334-6B11-49DB-A43B-7960E6770A8E}"
EndProject
Global
	GlobalSection(SolutionConfigurationPlatforms) = preSolution
		Debug|Any CPU = Debug|Any CPU
		Release|Any CPU = Release|Any CPU
	EndGlobalSection
	GlobalSection(ProjectConfigurationPlatforms) = postSolution
		{F4852D62-4165-4D0F-808C-0716CFD3108B}.Debug|Any CPU.ActiveCfg = Debug|Any CPU
		{F4852D62-4165-4D0F-808C-0716CFD3108B}.Debug|Any CPU.Build.0 = Debug|Any CPU
		{F4852D62-4165-4D0F-808C-0716CFD3108B}.Release|Any CPU.ActiveCfg = Release|Any CPU
		{F4852D62-4165-4D0F-808C-0716CFD3108B}.Release|Any CPU.Build.0 = Release|Any CPU
		{26796BE6-4B97-4213-8AA4-8C916D0EF902}.Debug|Any CPU.ActiveCfg = Debug|Any CPU
		{26796BE6-4B97-4213-8AA4-8C916D0EF902}.Debug|Any CPU.Build.0 = Debug|Any CPU
		{26796BE6-4B97-4213-8AA4-8C916D0EF902}.Release|Any CPU.ActiveCfg = Release|Any CPU
		{26796BE6-4B97-4213-8AA4-8C916D0EF902}.Release|Any CPU.Build.0 = Release|Any CPU
		{A40A1A59-2F31-4CD0-B101-4D45120FDA7E}.Debug|Any CPU.ActiveCfg = Debug|Any CPU
		{A40A1A59-2F31-4CD0-B101-4D45120FDA7E}.Debug|Any CPU.Build.0 = Debug|Any CPU
		{A40A1A59-2F31-4CD0-B101-4D45120FDA7E}.Release|Any CPU.ActiveCfg = Release|Any CPU
		{A40A1A59-2F31-4CD0-B101-4D45120FDA7E}.Release|Any CPU.Build.0 = Release|Any CPU
		{78D8474E-12C8-4F76-A240-40DAFB8C8FFA}.Debug|Any CPU.ActiveCfg = Debug|Any CPU
		{78D8474E-12C8-4F76-A240-40DAFB8C8FFA}.Debug|Any CPU.Build.0 = Debug|Any CPU
		{78D8474E-12C8-4F76-A240-40DAFB8C8FFA}.Release|Any CPU.ActiveCfg = Release|Any CPU
		{78D8474E-12C8-4F76-A240-40DAFB8C8FFA}.Release|Any CPU.Build.0 = Release|Any CPU
		{28B2EF26-4B01-4125-AF33-DCF832878687}.Debug|Any CPU.ActiveCfg = Debug|Any CPU
		{28B2EF26-4B01-4125-AF33-DCF832878687}.Debug|Any CPU.Build.0 = Debug|Any CPU
		{28B2EF26-4B01-4125-AF33-DCF832878687}.Release|Any CPU.ActiveCfg = Release|Any CPU
		{28B2EF26-4B01-4125-AF33-DCF832878687}.Release|Any CPU.Build.0 = Release|Any CPU
		{5932847A-483B-4D32-B34B-FBFEB0C27875}.Debug|Any CPU.ActiveCfg = Debug|Any CPU
		{5932847A-483B-4D32-B34B-FBFEB0C27875}.Debug|Any CPU.Build.0 = Debug|Any CPU
		{5932847A-483B-4D32-B34B-FBFEB0C27875}.Release|Any CPU.ActiveCfg = Release|Any CPU
		{5932847A-483B-4D32-B34B-FBFEB0C27875}.Release|Any CPU.Build.0 = Release|Any CPU
		{643CE75C-C516-4EE8-ACDD-E43445B12E8D}.Debug|Any CPU.ActiveCfg = Debug|Any CPU
		{643CE75C-C516-4EE8-ACDD-E43445B12E8D}.Debug|Any CPU.Build.0 = Debug|Any CPU
		{643CE75C-C516-4EE8-ACDD-E43445B12E8D}.Release|Any CPU.ActiveCfg = Release|Any CPU
		{643CE75C-C516-4EE8-ACDD-E43445B12E8D}.Release|Any CPU.Build.0 = Release|Any CPU
		{51ACCFCF-3822-4BC4-B4B1-3B66ECDB8956}.Debug|Any CPU.ActiveCfg = Debug|Any CPU
		{51ACCFCF-3822-4BC4-B4B1-3B66ECDB8956}.Debug|Any CPU.Build.0 = Debug|Any CPU
		{51ACCFCF-3822-4BC4-B4B1-3B66ECDB8956}.Release|Any CPU.ActiveCfg = Release|Any CPU
		{51ACCFCF-3822-4BC4-B4B1-3B66ECDB8956}.Release|Any CPU.Build.0 = Release|Any CPU
		{4CA74B1A-6539-4278-BEE3-212AFF639B31}.Debug|Any CPU.ActiveCfg = Debug|Any CPU
		{4CA74B1A-6539-4278-BEE3-212AFF639B31}.Debug|Any CPU.Build.0 = Debug|Any CPU
		{4CA74B1A-6539-4278-BEE3-212AFF639B31}.Release|Any CPU.ActiveCfg = Release|Any CPU
		{4CA74B1A-6539-4278-BEE3-212AFF639B31}.Release|Any CPU.Build.0 = Release|Any CPU
		{64218026-4A64-414D-9830-F20629E82D83}.Debug|Any CPU.ActiveCfg = Debug|Any CPU
		{64218026-4A64-414D-9830-F20629E82D83}.Debug|Any CPU.Build.0 = Debug|Any CPU
		{64218026-4A64-414D-9830-F20629E82D83}.Release|Any CPU.ActiveCfg = Release|Any CPU
		{64218026-4A64-414D-9830-F20629E82D83}.Release|Any CPU.Build.0 = Release|Any CPU
		{8E44305C-1005-4C8D-8180-2E4DC04CB9CD}.Debug|Any CPU.ActiveCfg = Debug|Any CPU
		{8E44305C-1005-4C8D-8180-2E4DC04CB9CD}.Debug|Any CPU.Build.0 = Debug|Any CPU
		{8E44305C-1005-4C8D-8180-2E4DC04CB9CD}.Release|Any CPU.ActiveCfg = Release|Any CPU
		{8E44305C-1005-4C8D-8180-2E4DC04CB9CD}.Release|Any CPU.Build.0 = Release|Any CPU
		{B9B39A4B-F04E-48AD-9EBC-1594F5F8AD5E}.Debug|Any CPU.ActiveCfg = Debug|Any CPU
		{B9B39A4B-F04E-48AD-9EBC-1594F5F8AD5E}.Debug|Any CPU.Build.0 = Debug|Any CPU
		{B9B39A4B-F04E-48AD-9EBC-1594F5F8AD5E}.Release|Any CPU.ActiveCfg = Release|Any CPU
		{B9B39A4B-F04E-48AD-9EBC-1594F5F8AD5E}.Release|Any CPU.Build.0 = Release|Any CPU
		{A509C6F3-3F4B-4EE6-A63B-57B4CC642F70}.Debug|Any CPU.ActiveCfg = Debug|Any CPU
		{A509C6F3-3F4B-4EE6-A63B-57B4CC642F70}.Debug|Any CPU.Build.0 = Debug|Any CPU
		{A509C6F3-3F4B-4EE6-A63B-57B4CC642F70}.Release|Any CPU.ActiveCfg = Release|Any CPU
		{A509C6F3-3F4B-4EE6-A63B-57B4CC642F70}.Release|Any CPU.Build.0 = Release|Any CPU
		{75B39EBC-70C0-4DD9-BFED-08F0808DC7C4}.Debug|Any CPU.ActiveCfg = Debug|Any CPU
		{75B39EBC-70C0-4DD9-BFED-08F0808DC7C4}.Debug|Any CPU.Build.0 = Debug|Any CPU
		{75B39EBC-70C0-4DD9-BFED-08F0808DC7C4}.Release|Any CPU.ActiveCfg = Release|Any CPU
		{75B39EBC-70C0-4DD9-BFED-08F0808DC7C4}.Release|Any CPU.Build.0 = Release|Any CPU
		{BDDD9334-6B11-49DB-A43B-7960E6770A8E}.Debug|Any CPU.ActiveCfg = Debug|Any CPU
		{BDDD9334-6B11-49DB-A43B-7960E6770A8E}.Debug|Any CPU.Build.0 = Debug|Any CPU
		{BDDD9334-6B11-49DB-A43B-7960E6770A8E}.Release|Any CPU.ActiveCfg = Release|Any CPU
		{BDDD9334-6B11-49DB-A43B-7960E6770A8E}.Release|Any CPU.Build.0 = Release|Any CPU
	EndGlobalSection
	GlobalSection(SolutionProperties) = preSolution
		HideSolutionNode = FALSE
	EndGlobalSection
	GlobalSection(NestedProjects) = preSolution
		{F4852D62-4165-4D0F-808C-0716CFD3108B} = {02EA681E-C7D8-13C7-8484-4AC65E1B71E8}
		{26796BE6-4B97-4213-8AA4-8C916D0EF902} = {02EA681E-C7D8-13C7-8484-4AC65E1B71E8}
		{A40A1A59-2F31-4CD0-B101-4D45120FDA7E} = {02EA681E-C7D8-13C7-8484-4AC65E1B71E8}
		{78D8474E-12C8-4F76-A240-40DAFB8C8FFA} = {07F22EA4-97F1-46C6-8890-F86B1C3E516A}
		{28B2EF26-4B01-4125-AF33-DCF832878687} = {07F22EA4-97F1-46C6-8890-F86B1C3E516A}
		{5932847A-483B-4D32-B34B-FBFEB0C27875} = {07F22EA4-97F1-46C6-8890-F86B1C3E516A}
		{643CE75C-C516-4EE8-ACDD-E43445B12E8D} = {06FE9E4F-3B7F-4AFA-9CBE-39CEA34E864D}
		{51ACCFCF-3822-4BC4-B4B1-3B66ECDB8956} = {06FE9E4F-3B7F-4AFA-9CBE-39CEA34E864D}
		{4CA74B1A-6539-4278-BEE3-212AFF639B31} = {06FE9E4F-3B7F-4AFA-9CBE-39CEA34E864D}
		{64218026-4A64-414D-9830-F20629E82D83} = {DC0D5537-E745-45E3-9A1D-CB4956F23C92}
		{8E44305C-1005-4C8D-8180-2E4DC04CB9CD} = {DC0D5537-E745-45E3-9A1D-CB4956F23C92}
		{B9B39A4B-F04E-48AD-9EBC-1594F5F8AD5E} = {DC0D5537-E745-45E3-9A1D-CB4956F23C92}
		{A509C6F3-3F4B-4EE6-A63B-57B4CC642F70} = {1E96BD19-ED62-42AE-8C78-30B19AA0B583}
		{75B39EBC-70C0-4DD9-BFED-08F0808DC7C4} = {1E96BD19-ED62-42AE-8C78-30B19AA0B583}
		{BDDD9334-6B11-49DB-A43B-7960E6770A8E} = {1E96BD19-ED62-42AE-8C78-30B19AA0B583}
	EndGlobalSection
	GlobalSection(ExtensibilityGlobals) = postSolution
		SolutionGuid = {E63400CA-8565-48D5-A341-FA108E44DCB1}
	EndGlobalSection
EndGlobal
