
Microsoft Visual Studio Solution File, Format Version 12.00
# Visual Studio Version 17
VisualStudioVersion = 17.14.36429.23 d17.14
MinimumVisualStudioVersion = 10.0.40219.1
Project("{2150E333-8FDC-42A3-9474-1A3956D46DE8}") = "Task0", "Task0", "{02EA681E-C7D8-13C7-8484-4AC65E1B71E8}"
EndProject
Project("{FAE04EC0-301F-11D3-BF4B-00C04F79EFBC}") = "Tyuiu.PozdeevaEA.Sprint2.Task0.V5", "Tyuiu.PozdeevaEA.Sprint2.Task0.V5\Tyuiu.PozdeevaEA.Sprint2.Task0.V5.csproj", "{F4852D62-4165-4D0F-808C-0716CFD3108B}"
EndProject
Project("{FAE04EC0-301F-11D3-BF4B-00C04F79EFBC}") = "Tyuiu.PozdeevaEA.Sprint2.Task0.V5.Lib", "Tyuiu.PozdeevaEA.Sprint2.Task0.V5.Lib\Tyuiu.PozdeevaEA.Sprint2.Task0.V5.Lib.csproj", "{26796BE6-4B97-4213-8AA4-8C916D0EF902}"
EndProject
Project("{FAE04EC0-301F-11D3-BF4B-00C04F79EFBC}") = "Tyuiu.PozdeevaEA.Sprint2.Task0.V5.Test", "Tyuiu.PozdeevaEA.Sprint2.Task0.V5.Test\Tyuiu.PozdeevaEA.Sprint2.Task0.V5.Test.csproj", "{A40A1A59-2F31-4CD0-B101-4D45120FDA7E}"
EndProject
Global
	GlobalSection(SolutionConfigurationPlatforms) = preSolution
		Debug|Any CPU = Debug|Any CPU
		Release|Any CPU = Release|Any CPU
	EndGlobalSection
	GlobalSection(ProjectConfigurationPlatforms) = postSolution
		{F4852D62-4165-4D0F-808C-0716CFD3108B}.Debug|Any CPU.ActiveCfg = Debug|Any CPU
		{F4852D62-4165-4D0F-808C-0716CFD3108B}.Debug|Any CPU.Build.0 = Debug|Any CPU
		{F4852D62-4165-4D0F-808C-0716CFD3108B}.Release|Any CPU.ActiveCfg = Release|Any CPU
		{F4852D62-4165-4D0F-808C-0716CFD3108B}.Release|Any CPU.Build.0 = Release|Any CPU
		{26796BE6-4B97-4213-8AA4-8C916D0EF902}.Debug|Any CPU.ActiveCfg = Debug|Any CPU
		{26796BE6-4B97-4213-8AA4-8C916D0EF902}.Debug|Any CPU.Build.0 = Debug|Any CPU
		{26796BE6-4B97-4213-8AA4-8C916D0EF902}.Release|Any CPU.ActiveCfg = Release|Any CPU
		{26796BE6-4B97-4213-8AA4-8C916D0EF902}.Release|Any CPU.Build.0 = Release|Any CPU
		{A40A1A59-2F31-4CD0-B101-4D45120FDA7E}.Debug|Any CPU.ActiveCfg = Debug|Any CPU
		{A40A1A59-2F31-4CD0-B101-4D45120FDA7E}.Debug|Any CPU.Build.0 = Debug|Any CPU
		{A40A1A59-2F31-4CD0-B101-4D45120FDA7E}.Release|Any CPU.ActiveCfg = Release|Any CPU
		{A40A1A59-2F31-4CD0-B101-4D45120FDA7E}.Release|Any CPU.Build.0 = Release|Any CPU
	EndGlobalSection
	GlobalSection(SolutionProperties) = preSolution
		HideSolutionNode = FALSE
	EndGlobalSection
	GlobalSection(NestedProjects) = preSolution
		{F4852D62-4165-4D0F-808C-0716CFD3108B} = {02EA681E-C7D8-13C7-8484-4AC65E1B71E8}
		{26796BE6-4B97-4213-8AA4-8C916D0EF902} = {02EA681E-C7D8-13C7-8484-4AC65E1B71E8}
		{A40A1A59-2F31-4CD0-B101-4D45120FDA7E} = {02EA681E-C7D8-13C7-8484-4AC65E1B71E8}
	EndGlobalSection
	GlobalSection(ExtensibilityGlobals) = postSolution
		SolutionGuid = {E63400CA-8565-48D5-A341-FA108E44DCB1}
	EndGlobalSection
EndGlobal
